
Microsoft Visual Studio Solution File, Format Version 12.00
# Visual Studio Version 17
VisualStudioVersion = 17.9.34622.214
MinimumVisualStudioVersion = 10.0.40219.1
Project("{FAE04EC0-301F-11D3-BF4B-00C04F79EFBC}") = "LocalKeys - Password Manager", "LocalKeys - Password Manager\LocalKeys - Password Manager.csproj", "{5674C920-C055-402A-B444-D21CCFE1CEB4}"
EndProject
Project("{FAE04EC0-301F-11D3-BF4B-00C04F79EFBC}") = "LocalKeys - CLI", "LocalKeys - CLI\LocalKeys - CLI.csproj", "{267A1FB8-15A9-4B89-85A7-F1655AC0F014}"
EndProject
Global
	GlobalSection(SolutionConfigurationPlatforms) = preSolution
		Debug|Any CPU = Debug|Any CPU
		Release|Any CPU = Release|Any CPU
	EndGlobalSection
	GlobalSection(ProjectConfigurationPlatforms) = postSolution
		{5674C920-C055-402A-B444-D21CCFE1CEB4}.Debug|Any CPU.ActiveCfg = Debug|Any CPU
		{5674C920-C055-402A-B444-D21CCFE1CEB4}.Debug|Any CPU.Build.0 = Debug|Any CPU
		{5674C920-C055-402A-B444-D21CCFE1CEB4}.Release|Any CPU.ActiveCfg = Release|Any CPU
		{5674C920-C055-402A-B444-D21CCFE1CEB4}.Release|Any CPU.Build.0 = Release|Any CPU
		{267A1FB8-15A9-4B89-85A7-F1655AC0F014}.Debug|Any CPU.ActiveCfg = Debug|Any CPU
		{267A1FB8-15A9-4B89-85A7-F1655AC0F014}.Debug|Any CPU.Build.0 = Debug|Any CPU
		{267A1FB8-15A9-4B89-85A7-F1655AC0F014}.Release|Any CPU.ActiveCfg = Release|Any CPU
		{267A1FB8-15A9-4B89-85A7-F1655AC0F014}.Release|Any CPU.Build.0 = Release|Any CPU
	EndGlobalSection
	GlobalSection(SolutionProperties) = preSolution
		HideSolutionNode = FALSE
	EndGlobalSection
	GlobalSection(ExtensibilityGlobals) = postSolution
		SolutionGuid = {5CCED147-62FA-43A2-AD65-6AD4CD6F71D7}
	EndGlobalSection
EndGlobal
